// !$*UTF8*$!
{
	archiveVersion = 1;
	classes = {
	};
	objectVersion = 46;
	objects = {

/* Begin PBXBuildFile section */
		7B1328241C852EF300B64488 /* AppDelegate.swift in Sources */ = {isa = PBXBuildFile; fileRef = 7B1328231C852EF300B64488 /* AppDelegate.swift */; };
		7B1328261C852EF300B64488 /* ViewController.swift in Sources */ = {isa = PBXBuildFile; fileRef = 7B1328251C852EF300B64488 /* ViewController.swift */; };
		7B1328291C852EF300B64488 /* Main.storyboard in Resources */ = {isa = PBXBuildFile; fileRef = 7B1328271C852EF300B64488 /* Main.storyboard */; };
		7B13282B1C852EF300B64488 /* Assets.xcassets in Resources */ = {isa = PBXBuildFile; fileRef = 7B13282A1C852EF300B64488 /* Assets.xcassets */; };
		7B13282E1C852EF300B64488 /* LaunchScreen.storyboard in Resources */ = {isa = PBXBuildFile; fileRef = 7B13282C1C852EF300B64488 /* LaunchScreen.storyboard */; };
		7B13285A1C85305500B64488 /* estonia.png in Resources */ = {isa = PBXBuildFile; fileRef = 7B1328361C85305400B64488 /* estonia.png */; };
		7B13285B1C85305500B64488 /* estonia@2x.png in Resources */ = {isa = PBXBuildFile; fileRef = 7B1328371C85305400B64488 /* estonia@2x.png */; };
		7B13285C1C85305500B64488 /* estonia@3x.png in Resources */ = {isa = PBXBuildFile; fileRef = 7B1328381C85305400B64488 /* estonia@3x.png */; };
		7B13285D1C85305500B64488 /* france.png in Resources */ = {isa = PBXBuildFile; fileRef = 7B1328391C85305400B64488 /* france.png */; };
		7B13285E1C85305500B64488 /* france@2x.png in Resources */ = {isa = PBXBuildFile; fileRef = 7B13283A1C85305400B64488 /* france@2x.png */; };
		7B13285F1C85305500B64488 /* france@3x.png in Resources */ = {isa = PBXBuildFile; fileRef = 7B13283B1C85305400B64488 /* france@3x.png */; };
		7B1328601C85305500B64488 /* germany.png in Resources */ = {isa = PBXBuildFile; fileRef = 7B13283C1C85305400B64488 /* germany.png */; };
		7B1328611C85305500B64488 /* germany@2x.png in Resources */ = {isa = PBXBuildFile; fileRef = 7B13283D1C85305400B64488 /* germany@2x.png */; };
		7B1328621C85305500B64488 /* germany@3x.png in Resources */ = {isa = PBXBuildFile; fileRef = 7B13283E1C85305400B64488 /* germany@3x.png */; };
		7B1328631C85305500B64488 /* ireland.png in Resources */ = {isa = PBXBuildFile; fileRef = 7B13283F1C85305400B64488 /* ireland.png */; };
		7B1328641C85305500B64488 /* ireland@2x.png in Resources */ = {isa = PBXBuildFile; fileRef = 7B1328401C85305400B64488 /* ireland@2x.png */; };
		7B1328651C85305500B64488 /* ireland@3x.png in Resources */ = {isa = PBXBuildFile; fileRef = 7B1328411C85305400B64488 /* ireland@3x.png */; };
		7B1328661C85305500B64488 /* italy.png in Resources */ = {isa = PBXBuildFile; fileRef = 7B1328421C85305400B64488 /* italy.png */; };
		7B1328671C85305500B64488 /* italy@2x.png in Resources */ = {isa = PBXBuildFile; fileRef = 7B1328431C85305400B64488 /* italy@2x.png */; };
		7B1328681C85305500B64488 /* italy@3x.png in Resources */ = {isa = PBXBuildFile; fileRef = 7B1328441C85305400B64488 /* italy@3x.png */; };
		7B1328691C85305500B64488 /* monaco.png in Resources */ = {isa = PBXBuildFile; fileRef = 7B1328451C85305400B64488 /* monaco.png */; };
		7B13286A1C85305500B64488 /* monaco@2x.png in Resources */ = {isa = PBXBuildFile; fileRef = 7B1328461C85305400B64488 /* monaco@2x.png */; };
		7B13286B1C85305500B64488 /* monaco@3x.png in Resources */ = {isa = PBXBuildFile; fileRef = 7B1328471C85305400B64488 /* monaco@3x.png */; };
		7B13286C1C85305500B64488 /* nigeria.png in Resources */ = {isa = PBXBuildFile; fileRef = 7B1328481C85305400B64488 /* nigeria.png */; };
		7B13286D1C85305500B64488 /* nigeria@2x.png in Resources */ = {isa = PBXBuildFile; fileRef = 7B1328491C85305400B64488 /* nigeria@2x.png */; };
		7B13286E1C85305500B64488 /* nigeria@3x.png in Resources */ = {isa = PBXBuildFile; fileRef = 7B13284A1C85305400B64488 /* nigeria@3x.png */; };
		7B13286F1C85305500B64488 /* poland.png in Resources */ = {isa = PBXBuildFile; fileRef = 7B13284B1C85305400B64488 /* poland.png */; };
		7B1328701C85305500B64488 /* poland@2x.png in Resources */ = {isa = PBXBuildFile; fileRef = 7B13284C1C85305400B64488 /* poland@2x.png */; };
		7B1328711C85305500B64488 /* poland@3x.png in Resources */ = {isa = PBXBuildFile; fileRef = 7B13284D1C85305400B64488 /* poland@3x.png */; };
		7B1328721C85305500B64488 /* russia.png in Resources */ = {isa = PBXBuildFile; fileRef = 7B13284E1C85305400B64488 /* russia.png */; };
		7B1328731C85305500B64488 /* russia@2x.png in Resources */ = {isa = PBXBuildFile; fileRef = 7B13284F1C85305400B64488 /* russia@2x.png */; };
		7B1328741C85305500B64488 /* russia@3x.png in Resources */ = {isa = PBXBuildFile; fileRef = 7B1328501C85305500B64488 /* russia@3x.png */; };
		7B1328751C85305500B64488 /* spain.png in Resources */ = {isa = PBXBuildFile; fileRef = 7B1328511C85305500B64488 /* spain.png */; };
		7B1328761C85305500B64488 /* spain@2x.png in Resources */ = {isa = PBXBuildFile; fileRef = 7B1328521C85305500B64488 /* spain@2x.png */; };
		7B1328771C85305500B64488 /* spain@3x.png in Resources */ = {isa = PBXBuildFile; fileRef = 7B1328531C85305500B64488 /* spain@3x.png */; };
		7B1328781C85305500B64488 /* uk.png in Resources */ = {isa = PBXBuildFile; fileRef = 7B1328541C85305500B64488 /* uk.png */; };
		7B1328791C85305500B64488 /* uk@2x.png in Resources */ = {isa = PBXBuildFile; fileRef = 7B1328551C85305500B64488 /* uk@2x.png */; };
		7B13287A1C85305500B64488 /* uk@3x.png in Resources */ = {isa = PBXBuildFile; fileRef = 7B1328561C85305500B64488 /* uk@3x.png */; };
		7B13287B1C85305500B64488 /* us.png in Resources */ = {isa = PBXBuildFile; fileRef = 7B1328571C85305500B64488 /* us.png */; };
		7B13287C1C85305500B64488 /* us@2x.png in Resources */ = {isa = PBXBuildFile; fileRef = 7B1328581C85305500B64488 /* us@2x.png */; };
		7B13287D1C85305500B64488 /* us@3x.png in Resources */ = {isa = PBXBuildFile; fileRef = 7B1328591C85305500B64488 /* us@3x.png */; };
/* End PBXBuildFile section */

/* Begin PBXFileReference section */
		7B1328201C852EF300B64488 /* Project2-days2.app */ = {isa = PBXFileReference; explicitFileType = wrapper.application; includeInIndex = 0; path = "Project2-days2.app"; sourceTree = BUILT_PRODUCTS_DIR; };
		7B1328231C852EF300B64488 /* AppDelegate.swift */ = {isa = PBXFileReference; lastKnownFileType = sourcecode.swift; path = AppDelegate.swift; sourceTree = "<group>"; };
		7B1328251C852EF300B64488 /* ViewController.swift */ = {isa = PBXFileReference; lastKnownFileType = sourcecode.swift; path = ViewController.swift; sourceTree = "<group>"; };
		7B1328281C852EF300B64488 /* Base */ = {isa = PBXFileReference; lastKnownFileType = file.storyboard; name = Base; path = Base.lproj/Main.storyboard; sourceTree = "<group>"; };
		7B13282A1C852EF300B64488 /* Assets.xcassets */ = {isa = PBXFileReference; lastKnownFileType = folder.assetcatalog; path = Assets.xcassets; sourceTree = "<group>"; };
		7B13282D1C852EF300B64488 /* Base */ = {isa = PBXFileReference; lastKnownFileType = file.storyboard; name = Base; path = Base.lproj/LaunchScreen.storyboard; sourceTree = "<group>"; };
		7B13282F1C852EF300B64488 /* Info.plist */ = {isa = PBXFileReference; lastKnownFileType = text.plist.xml; path = Info.plist; sourceTree = "<group>"; };
		7B1328361C85305400B64488 /* estonia.png */ = {isa = PBXFileReference; lastKnownFileType = image.png; path = estonia.png; sourceTree = "<group>"; };
		7B1328371C85305400B64488 /* estonia@2x.png */ = {isa = PBXFileReference; lastKnownFileType = image.png; path = "estonia@2x.png"; sourceTree = "<group>"; };
		7B1328381C85305400B64488 /* estonia@3x.png */ = {isa = PBXFileReference; lastKnownFileType = image.png; path = "estonia@3x.png"; sourceTree = "<group>"; };
		7B1328391C85305400B64488 /* france.png */ = {isa = PBXFileReference; lastKnownFileType = image.png; path = france.png; sourceTree = "<group>"; };
		7B13283A1C85305400B64488 /* france@2x.png */ = {isa = PBXFileReference; lastKnownFileType = image.png; path = "france@2x.png"; sourceTree = "<group>"; };
		7B13283B1C85305400B64488 /* france@3x.png */ = {isa = PBXFileReference; lastKnownFileType = image.png; path = "france@3x.png"; sourceTree = "<group>"; };
		7B13283C1C85305400B64488 /* germany.png */ = {isa = PBXFileReference; lastKnownFileType = image.png; path = germany.png; sourceTree = "<group>"; };
		7B13283D1C85305400B64488 /* germany@2x.png */ = {isa = PBXFileReference; lastKnownFileType = image.png; path = "germany@2x.png"; sourceTree = "<group>"; };
		7B13283E1C85305400B64488 /* germany@3x.png */ = {isa = PBXFileReference; lastKnownFileType = image.png; path = "germany@3x.png"; sourceTree = "<group>"; };
		7B13283F1C85305400B64488 /* ireland.png */ = {isa = PBXFileReference; lastKnownFileType = image.png; path = ireland.png; sourceTree = "<group>"; };
		7B1328401C85305400B64488 /* ireland@2x.png */ = {isa = PBXFileReference; lastKnownFileType = image.png; path = "ireland@2x.png"; sourceTree = "<group>"; };
		7B1328411C85305400B64488 /* ireland@3x.png */ = {isa = PBXFileReference; lastKnownFileType = image.png; path = "ireland@3x.png"; sourceTree = "<group>"; };
		7B1328421C85305400B64488 /* italy.png */ = {isa = PBXFileReference; lastKnownFileType = image.png; path = italy.png; sourceTree = "<group>"; };
		7B1328431C85305400B64488 /* italy@2x.png */ = {isa = PBXFileReference; lastKnownFileType = image.png; path = "italy@2x.png"; sourceTree = "<group>"; };
		7B1328441C85305400B64488 /* italy@3x.png */ = {isa = PBXFileReference; lastKnownFileType = image.png; path = "italy@3x.png"; sourceTree = "<group>"; };
		7B1328451C85305400B64488 /* monaco.png */ = {isa = PBXFileReference; lastKnownFileType = image.png; path = monaco.png; sourceTree = "<group>"; };
		7B1328461C85305400B64488 /* monaco@2x.png */ = {isa = PBXFileReference; lastKnownFileType = image.png; path = "monaco@2x.png"; sourceTree = "<group>"; };
		7B1328471C85305400B64488 /* monaco@3x.png */ = {isa = PBXFileReference; lastKnownFileType = image.png; path = "monaco@3x.png"; sourceTree = "<group>"; };
		7B1328481C85305400B64488 /* nigeria.png */ = {isa = PBXFileReference; lastKnownFileType = image.png; path = nigeria.png; sourceTree = "<group>"; };
		7B1328491C85305400B64488 /* nigeria@2x.png */ = {isa = PBXFileReference; lastKnownFileType = image.png; path = "nigeria@2x.png"; sourceTree = "<group>"; };
		7B13284A1C85305400B64488 /* nigeria@3x.png */ = {isa = PBXFileReference; lastKnownFileType = image.png; path = "nigeria@3x.png"; sourceTree = "<group>"; };
		7B13284B1C85305400B64488 /* poland.png */ = {isa = PBXFileReference; lastKnownFileType = image.png; path = poland.png; sourceTree = "<group>"; };
		7B13284C1C85305400B64488 /* poland@2x.png */ = {isa = PBXFileReference; lastKnownFileType = image.png; path = "poland@2x.png"; sourceTree = "<group>"; };
		7B13284D1C85305400B64488 /* poland@3x.png */ = {isa = PBXFileReference; lastKnownFileType = image.png; path = "poland@3x.png"; sourceTree = "<group>"; };
		7B13284E1C85305400B64488 /* russia.png */ = {isa = PBXFileReference; lastKnownFileType = image.png; path = russia.png; sourceTree = "<group>"; };
		7B13284F1C85305400B64488 /* russia@2x.png */ = {isa = PBXFileReference; lastKnownFileType = image.png; path = "russia@2x.png"; sourceTree = "<group>"; };
		7B1328501C85305500B64488 /* russia@3x.png */ = {isa = PBXFileReference; lastKnownFileType = image.png; path = "russia@3x.png"; sourceTree = "<group>"; };
		7B1328511C85305500B64488 /* spain.png */ = {isa = PBXFileReference; lastKnownFileType = image.png; path = spain.png; sourceTree = "<group>"; };
		7B1328521C85305500B64488 /* spain@2x.png */ = {isa = PBXFileReference; lastKnownFileType = image.png; path = "spain@2x.png"; sourceTree = "<group>"; };
		7B1328531C85305500B64488 /* spain@3x.png */ = {isa = PBXFileReference; lastKnownFileType = image.png; path = "spain@3x.png"; sourceTree = "<group>"; };
		7B1328541C85305500B64488 /* uk.png */ = {isa = PBXFileReference; lastKnownFileType = image.png; path = uk.png; sourceTree = "<group>"; };
		7B1328551C85305500B64488 /* uk@2x.png */ = {isa = PBXFileReference; lastKnownFileType = image.png; path = "uk@2x.png"; sourceTree = "<group>"; };
		7B1328561C85305500B64488 /* uk@3x.png */ = {isa = PBXFileReference; lastKnownFileType = image.png; path = "uk@3x.png"; sourceTree = "<group>"; };
		7B1328571C85305500B64488 /* us.png */ = {isa = PBXFileReference; lastKnownFileType = image.png; path = us.png; sourceTree = "<group>"; };
		7B1328581C85305500B64488 /* us@2x.png */ = {isa = PBXFileReference; lastKnownFileType = image.png; path = "us@2x.png"; sourceTree = "<group>"; };
		7B1328591C85305500B64488 /* us@3x.png */ = {isa = PBXFileReference; lastKnownFileType = image.png; path = "us@3x.png"; sourceTree = "<group>"; };
/* End PBXFileReference section */

/* Begin PBXFrameworksBuildPhase section */
		7B13281D1C852EF300B64488 /* Frameworks */ = {
			isa = PBXFrameworksBuildPhase;
			buildActionMask = 2147483647;
			files = (
			);
			runOnlyForDeploymentPostprocessing = 0;
		};
/* End PBXFrameworksBuildPhase section */

/* Begin PBXGroup section */
		7B1328171C852EF300B64488 = {
			isa = PBXGroup;
			children = (
				7B1328221C852EF300B64488 /* Project2-days2 */,
				7B1328211C852EF300B64488 /* Products */,
			);
			sourceTree = "<group>";
		};
		7B1328211C852EF300B64488 /* Products */ = {
			isa = PBXGroup;
			children = (
				7B1328201C852EF300B64488 /* Project2-days2.app */,
			);
			name = Products;
			sourceTree = "<group>";
		};
		7B1328221C852EF300B64488 /* Project2-days2 */ = {
			isa = PBXGroup;
			children = (
				7B1328351C85305400B64488 /* Content */,
				7B1328231C852EF300B64488 /* AppDelegate.swift */,
				7B1328251C852EF300B64488 /* ViewController.swift */,
				7B1328271C852EF300B64488 /* Main.storyboard */,
				7B13282A1C852EF300B64488 /* Assets.xcassets */,
				7B13282C1C852EF300B64488 /* LaunchScreen.storyboard */,
				7B13282F1C852EF300B64488 /* Info.plist */,
			);
			path = "Project2-days2";
			sourceTree = "<group>";
		};
		7B1328351C85305400B64488 /* Content */ = {
			isa = PBXGroup;
			children = (
				7B1328361C85305400B64488 /* estonia.png */,
				7B1328371C85305400B64488 /* estonia@2x.png */,
				7B1328381C85305400B64488 /* estonia@3x.png */,
				7B1328391C85305400B64488 /* france.png */,
				7B13283A1C85305400B64488 /* france@2x.png */,
				7B13283B1C85305400B64488 /* france@3x.png */,
				7B13283C1C85305400B64488 /* germany.png */,
				7B13283D1C85305400B64488 /* germany@2x.png */,
				7B13283E1C85305400B64488 /* germany@3x.png */,
				7B13283F1C85305400B64488 /* ireland.png */,
				7B1328401C85305400B64488 /* ireland@2x.png */,
				7B1328411C85305400B64488 /* ireland@3x.png */,
				7B1328421C85305400B64488 /* italy.png */,
				7B1328431C85305400B64488 /* italy@2x.png */,
				7B1328441C85305400B64488 /* italy@3x.png */,
				7B1328451C85305400B64488 /* monaco.png */,
				7B1328461C85305400B64488 /* monaco@2x.png */,
				7B1328471C85305400B64488 /* monaco@3x.png */,
				7B1328481C85305400B64488 /* nigeria.png */,
				7B1328491C85305400B64488 /* nigeria@2x.png */,
				7B13284A1C85305400B64488 /* nigeria@3x.png */,
				7B13284B1C85305400B64488 /* poland.png */,
				7B13284C1C85305400B64488 /* poland@2x.png */,
				7B13284D1C85305400B64488 /* poland@3x.png */,
				7B13284E1C85305400B64488 /* russia.png */,
				7B13284F1C85305400B64488 /* russia@2x.png */,
				7B1328501C85305500B64488 /* russia@3x.png */,
				7B1328511C85305500B64488 /* spain.png */,
				7B1328521C85305500B64488 /* spain@2x.png */,
				7B1328531C85305500B64488 /* spain@3x.png */,
				7B1328541C85305500B64488 /* uk.png */,
				7B1328551C85305500B64488 /* uk@2x.png */,
				7B1328561C85305500B64488 /* uk@3x.png */,
				7B1328571C85305500B64488 /* us.png */,
				7B1328581C85305500B64488 /* us@2x.png */,
				7B1328591C85305500B64488 /* us@3x.png */,
			);
			path = Content;
			sourceTree = "<group>";
		};
/* End PBXGroup section */

/* Begin PBXNativeTarget section */
		7B13281F1C852EF300B64488 /* Project2-days2 */ = {
			isa = PBXNativeTarget;
			buildConfigurationList = 7B1328321C852EF300B64488 /* Build configuration list for PBXNativeTarget "Project2-days2" */;
			buildPhases = (
				7B13281C1C852EF300B64488 /* Sources */,
				7B13281D1C852EF300B64488 /* Frameworks */,
				7B13281E1C852EF300B64488 /* Resources */,
			);
			buildRules = (
			);
			dependencies = (
			);
			name = "Project2-days2";
			productName = "Project2-days2";
			productReference = 7B1328201C852EF300B64488 /* Project2-days2.app */;
			productType = "com.apple.product-type.application";
		};
/* End PBXNativeTarget section */

/* Begin PBXProject section */
		7B1328181C852EF300B64488 /* Project object */ = {
			isa = PBXProject;
			attributes = {
				LastSwiftUpdateCheck = 0720;
				LastUpgradeCheck = 0720;
				ORGANIZATIONNAME = xcl;
				TargetAttributes = {
					7B13281F1C852EF300B64488 = {
						CreatedOnToolsVersion = 7.2;
						DevelopmentTeam = NCDBKUHZX3;
					};
				};
			};
			buildConfigurationList = 7B13281B1C852EF300B64488 /* Build configuration list for PBXProject "Project2-days2" */;
			compatibilityVersion = "Xcode 3.2";
			developmentRegion = English;
			hasScannedForEncodings = 0;
			knownRegions = (
				en,
				Base,
			);
			mainGroup = 7B1328171C852EF300B64488;
			productRefGroup = 7B1328211C852EF300B64488 /* Products */;
			projectDirPath = "";
			projectRoot = "";
			targets = (
				7B13281F1C852EF300B64488 /* Project2-days2 */,
			);
		};
/* End PBXProject section */

/* Begin PBXResourcesBuildPhase section */
		7B13281E1C852EF300B64488 /* Resources */ = {
			isa = PBXResourcesBuildPhase;
			buildActionMask = 2147483647;
			files = (
				7B13287C1C85305500B64488 /* us@2x.png in Resources */,
				7B1328631C85305500B64488 /* ireland.png in Resources */,
				7B13285B1C85305500B64488 /* estonia@2x.png in Resources */,
				7B1328701C85305500B64488 /* poland@2x.png in Resources */,
				7B1328791C85305500B64488 /* uk@2x.png in Resources */,
				7B13285E1C85305500B64488 /* france@2x.png in Resources */,
				7B13287D1C85305500B64488 /* us@3x.png in Resources */,
				7B1328761C85305500B64488 /* spain@2x.png in Resources */,
				7B1328721C85305500B64488 /* russia.png in Resources */,
				7B13286A1C85305500B64488 /* monaco@2x.png in Resources */,
				7B1328711C85305500B64488 /* poland@3x.png in Resources */,
				7B1328681C85305500B64488 /* italy@3x.png in Resources */,
				7B1328751C85305500B64488 /* spain.png in Resources */,
				7B13286D1C85305500B64488 /* nigeria@2x.png in Resources */,
				7B1328781C85305500B64488 /* uk.png in Resources */,
				7B13282E1C852EF300B64488 /* LaunchScreen.storyboard in Resources */,
				7B1328731C85305500B64488 /* russia@2x.png in Resources */,
				7B13287A1C85305500B64488 /* uk@3x.png in Resources */,
				7B1328641C85305500B64488 /* ireland@2x.png in Resources */,
				7B1328621C85305500B64488 /* germany@3x.png in Resources */,
				7B13285D1C85305500B64488 /* france.png in Resources */,
				7B13285A1C85305500B64488 /* estonia.png in Resources */,
				7B1328651C85305500B64488 /* ireland@3x.png in Resources */,
				7B1328691C85305500B64488 /* monaco.png in Resources */,
				7B13287B1C85305500B64488 /* us.png in Resources */,
				7B13285F1C85305500B64488 /* france@3x.png in Resources */,
				7B1328671C85305500B64488 /* italy@2x.png in Resources */,
				7B13282B1C852EF300B64488 /* Assets.xcassets in Resources */,
				7B13286B1C85305500B64488 /* monaco@3x.png in Resources */,
				7B1328291C852EF300B64488 /* Main.storyboard in Resources */,
				7B13285C1C85305500B64488 /* estonia@3x.png in Resources */,
				7B13286E1C85305500B64488 /* nigeria@3x.png in Resources */,
				7B1328611C85305500B64488 /* germany@2x.png in Resources */,
				7B13286F1C85305500B64488 /* poland.png in Resources */,
				7B1328601C85305500B64488 /* germany.png in Resources */,
				7B1328661C85305500B64488 /* italy.png in Resources */,
				7B1328741C85305500B64488 /* russia@3x.png in Resources */,
				7B1328771C85305500B64488 /* spain@3x.png in Resources */,
				7B13286C1C85305500B64488 /* nigeria.png in Resources */,
			);
			runOnlyForDeploymentPostprocessing = 0;
		};
/* End PBXResourcesBuildPhase section */

/* Begin PBXSourcesBuildPhase section */
		7B13281C1C852EF300B64488 /* Sources */ = {
			isa = PBXSourcesBuildPhase;
			buildActionMask = 2147483647;
			files = (
				7B1328261C852EF300B64488 /* ViewController.swift in Sources */,
				7B1328241C852EF300B64488 /* AppDelegate.swift in Sources */,
			);
			runOnlyForDeploymentPostprocessing = 0;
		};
/* End PBXSourcesBuildPhase section */

/* Begin PBXVariantGroup section */
		7B1328271C852EF300B64488 /* Main.storyboard */ = {
			isa = PBXVariantGroup;
			children = (
				7B1328281C852EF300B64488 /* Base */,
			);
			name = Main.storyboard;
			sourceTree = "<group>";
		};
		7B13282C1C852EF300B64488 /* LaunchScreen.storyboard */ = {
			isa = PBXVariantGroup;
			children = (
				7B13282D1C852EF300B64488 /* Base */,
			);
			name = LaunchScreen.storyboard;
			sourceTree = "<group>";
		};
/* End PBXVariantGroup section */

/* Begin XCBuildConfiguration section */
		7B1328301C852EF300B64488 /* Debug */ = {
			isa = XCBuildConfiguration;
			buildSettings = {
				ALWAYS_SEARCH_USER_PATHS = NO;
				CLANG_CXX_LANGUAGE_STANDARD = "gnu++0x";
				CLANG_CXX_LIBRARY = "libc++";
				CLANG_ENABLE_MODULES = YES;
				CLANG_ENABLE_OBJC_ARC = YES;
				CLANG_WARN_BOOL_CONVERSION = YES;
				CLANG_WARN_CONSTANT_CONVERSION = YES;
				CLANG_WARN_DIRECT_OBJC_ISA_USAGE = YES_ERROR;
				CLANG_WARN_EMPTY_BODY = YES;
				CLANG_WARN_ENUM_CONVERSION = YES;
				CLANG_WARN_INT_CONVERSION = YES;
				CLANG_WARN_OBJC_ROOT_CLASS = YES_ERROR;
				CLANG_WARN_UNREACHABLE_CODE = YES;
				CLANG_WARN__DUPLICATE_METHOD_MATCH = YES;
				"CODE_SIGN_IDENTITY[sdk=iphoneos*]" = "iPhone Developer";
				COPY_PHASE_STRIP = NO;
				DEBUG_INFORMATION_FORMAT = dwarf;
				ENABLE_STRICT_OBJC_MSGSEND = YES;
				ENABLE_TESTABILITY = YES;
				GCC_C_LANGUAGE_STANDARD = gnu99;
				GCC_DYNAMIC_NO_PIC = NO;
				GCC_NO_COMMON_BLOCKS = YES;
				GCC_OPTIMIZATION_LEVEL = 0;
				GCC_PREPROCESSOR_DEFINITIONS = (
					"DEBUG=1",
					"$(inherited)",
				);
				GCC_WARN_64_TO_32_BIT_CONVERSION = YES;
				GCC_WARN_ABOUT_RETURN_TYPE = YES_ERROR;
				GCC_WARN_UNDECLARED_SELECTOR = YES;
				GCC_WARN_UNINITIALIZED_AUTOS = YES_AGGRESSIVE;
				GCC_WARN_UNUSED_FUNCTION = YES;
				GCC_WARN_UNUSED_VARIABLE = YES;
				IPHONEOS_DEPLOYMENT_TARGET = 9.2;
				MTL_ENABLE_DEBUG_INFO = YES;
				ONLY_ACTIVE_ARCH = YES;
				SDKROOT = iphoneos;
				SWIFT_OPTIMIZATION_LEVEL = "-Onone";
			};
			name = Debug;
		};
		7B1328311C852EF300B64488 /* Release */ = {
			isa = XCBuildConfiguration;
			buildSettings = {
				ALWAYS_SEARCH_USER_PATHS = NO;
				CLANG_CXX_LANGUAGE_STANDARD = "gnu++0x";
				CLANG_CXX_LIBRARY = "libc++";
				CLANG_ENABLE_MODULES = YES;
				CLANG_ENABLE_OBJC_ARC = YES;
				CLANG_WARN_BOOL_CONVERSION = YES;
				CLANG_WARN_CONSTANT_CONVERSION = YES;
				CLANG_WARN_DIRECT_OBJC_ISA_USAGE = YES_ERROR;
				CLANG_WARN_EMPTY_BODY = YES;
				CLANG_WARN_ENUM_CONVERSION = YES;
				CLANG_WARN_INT_CONVERSION = YES;
				CLANG_WARN_OBJC_ROOT_CLASS = YES_ERROR;
				CLANG_WARN_UNREACHABLE_CODE = YES;
				CLANG_WARN__DUPLICATE_METHOD_MATCH = YES;
				"CODE_SIGN_IDENTITY[sdk=iphoneos*]" = "iPhone Developer";
				COPY_PHASE_STRIP = NO;
				DEBUG_INFORMATION_FORMAT = "dwarf-with-dsym";
				ENABLE_NS_ASSERTIONS = NO;
				ENABLE_STRICT_OBJC_MSGSEND = YES;
				GCC_C_LANGUAGE_STANDARD = gnu99;
				GCC_NO_COMMON_BLOCKS = YES;
				GCC_WARN_64_TO_32_BIT_CONVERSION = YES;
				GCC_WARN_ABOUT_RETURN_TYPE = YES_ERROR;
				GCC_WARN_UNDECLARED_SELECTOR = YES;
				GCC_WARN_UNINITIALIZED_AUTOS = YES_AGGRESSIVE;
				GCC_WARN_UNUSED_FUNCTION = YES;
				GCC_WARN_UNUSED_VARIABLE = YES;
				IPHONEOS_DEPLOYMENT_TARGET = 9.2;
				MTL_ENABLE_DEBUG_INFO = NO;
				SDKROOT = iphoneos;
				VALIDATE_PRODUCT = YES;
			};
			name = Release;
		};
		7B1328331C852EF300B64488 /* Debug */ = {
			isa = XCBuildConfiguration;
			buildSettings = {
				ASSETCATALOG_COMPILER_APPICON_NAME = AppIcon;
				INFOPLIST_FILE = "Project2-days2/Info.plist";
				LD_RUNPATH_SEARCH_PATHS = "$(inherited) @executable_path/Frameworks";
				PRODUCT_BUNDLE_IDENTIFIER = "com.zuche.IosTeam.Project2-days2";
				PRODUCT_NAME = "$(TARGET_NAME)";
			};
			name = Debug;
		};
		7B1328341C852EF300B64488 /* Release */ = {
			isa = XCBuildConfiguration;
			buildSettings = {
				ASSETCATALOG_COMPILER_APPICON_NAME = AppIcon;
				INFOPLIST_FILE = "Project2-days2/Info.plist";
				LD_RUNPATH_SEARCH_PATHS = "$(inherited) @executable_path/Frameworks";
				PRODUCT_BUNDLE_IDENTIFIER = "com.zuche.IosTeam.Project2-days2";
				PRODUCT_NAME = "$(TARGET_NAME)";
			};
			name = Release;
		};
/* End XCBuildConfiguration section */

/* Begin XCConfigurationList section */
		7B13281B1C852EF300B64488 /* Build configuration list for PBXProject "Project2-days2" */ = {
			isa = XCConfigurationList;
			buildConfigurations = (
				7B1328301C852EF300B64488 /* Debug */,
				7B1328311C852EF300B64488 /* Release */,
			);
			defaultConfigurationIsVisible = 0;
			defaultConfigurationName = Release;
		};
		7B1328321C852EF300B64488 /* Build configuration list for PBXNativeTarget "Project2-days2" */ = {
			isa = XCConfigurationList;
			buildConfigurations = (
				7B1328331C852EF300B64488 /* Debug */,
				7B1328341C852EF300B64488 /* Release */,
			);
			defaultConfigurationIsVisible = 0;
		};
/* End XCConfigurationList section */
	};
	rootObject = 7B1328181C852EF300B64488 /* Project object */;
}
